
Microsoft Visual Studio Solution File, Format Version 12.00
# Visual Studio 2012
Project("{2150E333-8FDC-42A3-9474-1A3956D46DE8}") = "Infs", "Infs", "{83B33AB6-544E-49B8-B6B0-A16FF14F6CD4}"
	ProjectSection(SolutionItems) = preProject
		Driver\inf\uninstall.inf = Driver\inf\uninstall.inf
		Driver\inf\xh_hid.inf = Driver\inf\xh_hid.inf
		Driver\inf\xhotas.inf = Driver\inf\xhotas.inf
	EndProjectSection
EndProject
Project("{2150E333-8FDC-42A3-9474-1A3956D46DE8}") = "Driver", "Driver", "{98460BE7-533F-4AD8-B8A9-2D086C5693F1}"
EndProject
Project("{8BC9CEB8-8B4A-11D0-8D11-00A0C91BC942}") = "xh_vmd", "Driver\xh_vmd\xh_vmd.vcxproj", "{C9976F9B-D1B6-4F59-8574-9B35305D9375}"
EndProject
Project("{8BC9CEB8-8B4A-11D0-8D11-00A0C91BC942}") = "xh_vmdf", "Driver\xh_vmdf\xh_vmdf.vcxproj", "{CF46FEEB-0CB7-4291-BFEC-1A3144965DB9}"
EndProject
Project("{8BC9CEB8-8B4A-11D0-8D11-00A0C91BC942}") = "xusb_hid", "Driver\xusb_hid\xh_hid.vcxproj", "{A5935E00-6FCE-4F96-BE88-EAA6F2803C90}"
EndProject
Project("{2150E333-8FDC-42A3-9474-1A3956D46DE8}") = "Usuario", "Usuario", "{8967877F-7765-4DC6-B807-BC66E41BE88D}"
EndProject
Project("{2150E333-8FDC-42A3-9474-1A3956D46DE8}") = "Setup", "Setup", "{0D652C85-8374-4C96-AC16-FE66029F4EFF}"
EndProject
Project("{2150E333-8FDC-42A3-9474-1A3956D46DE8}") = "Programas", "Programas", "{F81F58AE-4EDA-406C-8F3A-646885EB0D20}"
EndProject
Project("{8BC9CEB8-8B4A-11D0-8D11-00A0C91BC942}") = "DirectInput", "Usuario\Programas\Calibrator\DirectInput\DirectInput.vcxproj", "{4FBD3BE8-5CF9-482B-B95D-4E1CFFD2B9DE}"
EndProject
Project("{F184B08F-C81C-45F6-A57F-5ABD9991F28F}") = "Calibrator", "Usuario\Programas\Calibrator\Interfaz\Calibrator.vbproj", "{833CC367-EC70-4C04-9CD3-53157CBEEBD2}"
EndProject
Project("{2150E333-8FDC-42A3-9474-1A3956D46DE8}") = "Calibrator", "Calibrator", "{17BDB891-E88D-4851-8D78-3D35009FDC58}"
EndProject
Project("{8BC9CEB8-8B4A-11D0-8D11-00A0C91BC942}") = "Comsbn", "Usuario\Programas\Comsbn\Comsbn.vcxproj", "{591CC2E3-614F-41B5-A0C4-979644465A48}"
EndProject
Project("{F184B08F-C81C-45F6-A57F-5ABD9991F28F}") = "Editor", "Usuario\Programas\Editor\Editor.vbproj", "{663E9E41-D328-4A5E-A55D-88669B34CF6E}"
EndProject
Project("{8BC9CEB8-8B4A-11D0-8D11-00A0C91BC942}") = "Launcher", "Usuario\Programas\Launcher\Launcher.vcxproj", "{8D378DEC-E15F-4973-8603-41661FEC55E9}"
EndProject
Project("{8BC9CEB8-8B4A-11D0-8D11-00A0C91BC942}") = "DrvSetupAPI", "Usuario\Setup\DrvAPI\DrvAPI.vcxproj", "{D236D114-9A35-420C-9875-BD6C252A4CDD}"
EndProject
Project("{8BC9CEB8-8B4A-11D0-8D11-00A0C91BC942}") = "DrvSetupAPIdll", "Usuario\Setup\DrvAPIdll\DrvAPIdll.vcxproj", "{A9387033-BFE1-4277-A0E1-D9BB5D723D72}"
EndProject
Project("{8BC9CEB8-8B4A-11D0-8D11-00A0C91BC942}") = "DrvNuke", "Usuario\Setup\DrvNuke\DrvNuke.vcxproj", "{C156551F-BD13-4409-AE4A-04779D257AD9}"
EndProject
Project("{F184B08F-C81C-45F6-A57F-5ABD9991F28F}") = "DrvSetup", "Usuario\Setup\interfaz\DrvSetup.vbproj", "{64E506FE-C87C-4728-A8F1-6306BD3C7557}"
EndProject
Project("{2150E333-8FDC-42A3-9474-1A3956D46DE8}") = "Traducciones", "Traducciones", "{D14EE756-4DBA-406C-BAE5-B3E0DC20D541}"
	ProjectSection(SolutionItems) = preProject
		Usuario\Programas\english-us.kbp = Usuario\Programas\english-us.kbp
		Usuario\Programas\english.xml = Usuario\Programas\english.xml
		Usuario\Programas\español-es.kbp = Usuario\Programas\español-es.kbp
		Usuario\Programas\spanish.xml = Usuario\Programas\spanish.xml
	EndProjectSection
EndProject
Global
	GlobalSection(SolutionConfigurationPlatforms) = preSolution
		Debug|Any CPU = Debug|Any CPU
		Debug|Mixed Platforms = Debug|Mixed Platforms
		Debug|Win32 = Debug|Win32
		Debug|x64 = Debug|x64
		Debug|x86 = Debug|x86
		Release (x64)|Any CPU = Release (x64)|Any CPU
		Release (x64)|Mixed Platforms = Release (x64)|Mixed Platforms
		Release (x64)|Win32 = Release (x64)|Win32
		Release (x64)|x64 = Release (x64)|x64
		Release (x64)|x86 = Release (x64)|x86
		Release|Any CPU = Release|Any CPU
		Release|Mixed Platforms = Release|Mixed Platforms
		Release|Win32 = Release|Win32
		Release|x64 = Release|x64
		Release|x86 = Release|x86
	EndGlobalSection
	GlobalSection(ProjectConfigurationPlatforms) = postSolution
		{C9976F9B-D1B6-4F59-8574-9B35305D9375}.Debug|Any CPU.ActiveCfg = Debug|Win32
		{C9976F9B-D1B6-4F59-8574-9B35305D9375}.Debug|Mixed Platforms.ActiveCfg = Debug|Win32
		{C9976F9B-D1B6-4F59-8574-9B35305D9375}.Debug|Mixed Platforms.Build.0 = Debug|Win32
		{C9976F9B-D1B6-4F59-8574-9B35305D9375}.Debug|Win32.ActiveCfg = Debug|Win32
		{C9976F9B-D1B6-4F59-8574-9B35305D9375}.Debug|Win32.Build.0 = Debug|Win32
		{C9976F9B-D1B6-4F59-8574-9B35305D9375}.Debug|x64.ActiveCfg = Debug|x64
		{C9976F9B-D1B6-4F59-8574-9B35305D9375}.Debug|x64.Build.0 = Debug|x64
		{C9976F9B-D1B6-4F59-8574-9B35305D9375}.Debug|x86.ActiveCfg = Debug|Win32
		{C9976F9B-D1B6-4F59-8574-9B35305D9375}.Debug|x86.Build.0 = Debug|Win32
		{C9976F9B-D1B6-4F59-8574-9B35305D9375}.Release (x64)|Any CPU.ActiveCfg = Release|Win32
		{C9976F9B-D1B6-4F59-8574-9B35305D9375}.Release (x64)|Mixed Platforms.ActiveCfg = Release|Win32
		{C9976F9B-D1B6-4F59-8574-9B35305D9375}.Release (x64)|Mixed Platforms.Build.0 = Release|Win32
		{C9976F9B-D1B6-4F59-8574-9B35305D9375}.Release (x64)|Win32.ActiveCfg = Release|Win32
		{C9976F9B-D1B6-4F59-8574-9B35305D9375}.Release (x64)|Win32.Build.0 = Release|Win32
		{C9976F9B-D1B6-4F59-8574-9B35305D9375}.Release (x64)|x64.ActiveCfg = Release|x64
		{C9976F9B-D1B6-4F59-8574-9B35305D9375}.Release (x64)|x86.ActiveCfg = Release|Win32
		{C9976F9B-D1B6-4F59-8574-9B35305D9375}.Release (x64)|x86.Build.0 = Release|Win32
		{C9976F9B-D1B6-4F59-8574-9B35305D9375}.Release|Any CPU.ActiveCfg = Release|Win32
		{C9976F9B-D1B6-4F59-8574-9B35305D9375}.Release|Mixed Platforms.ActiveCfg = Release|Win32
		{C9976F9B-D1B6-4F59-8574-9B35305D9375}.Release|Mixed Platforms.Build.0 = Release|Win32
		{C9976F9B-D1B6-4F59-8574-9B35305D9375}.Release|Win32.ActiveCfg = Release|Win32
		{C9976F9B-D1B6-4F59-8574-9B35305D9375}.Release|Win32.Build.0 = Release|Win32
		{C9976F9B-D1B6-4F59-8574-9B35305D9375}.Release|x64.ActiveCfg = Release|x64
		{C9976F9B-D1B6-4F59-8574-9B35305D9375}.Release|x64.Build.0 = Release|x64
		{C9976F9B-D1B6-4F59-8574-9B35305D9375}.Release|x86.ActiveCfg = Release|Win32
		{C9976F9B-D1B6-4F59-8574-9B35305D9375}.Release|x86.Build.0 = Release|Win32
		{CF46FEEB-0CB7-4291-BFEC-1A3144965DB9}.Debug|Any CPU.ActiveCfg = Debug|Win32
		{CF46FEEB-0CB7-4291-BFEC-1A3144965DB9}.Debug|Mixed Platforms.ActiveCfg = Debug|Win32
		{CF46FEEB-0CB7-4291-BFEC-1A3144965DB9}.Debug|Mixed Platforms.Build.0 = Debug|Win32
		{CF46FEEB-0CB7-4291-BFEC-1A3144965DB9}.Debug|Win32.ActiveCfg = Debug|Win32
		{CF46FEEB-0CB7-4291-BFEC-1A3144965DB9}.Debug|Win32.Build.0 = Debug|Win32
		{CF46FEEB-0CB7-4291-BFEC-1A3144965DB9}.Debug|x64.ActiveCfg = Debug|x64
		{CF46FEEB-0CB7-4291-BFEC-1A3144965DB9}.Debug|x64.Build.0 = Debug|x64
		{CF46FEEB-0CB7-4291-BFEC-1A3144965DB9}.Debug|x86.ActiveCfg = Debug|Win32
		{CF46FEEB-0CB7-4291-BFEC-1A3144965DB9}.Debug|x86.Build.0 = Debug|Win32
		{CF46FEEB-0CB7-4291-BFEC-1A3144965DB9}.Release (x64)|Any CPU.ActiveCfg = Release|Win32
		{CF46FEEB-0CB7-4291-BFEC-1A3144965DB9}.Release (x64)|Mixed Platforms.ActiveCfg = Release|Win32
		{CF46FEEB-0CB7-4291-BFEC-1A3144965DB9}.Release (x64)|Mixed Platforms.Build.0 = Release|Win32
		{CF46FEEB-0CB7-4291-BFEC-1A3144965DB9}.Release (x64)|Win32.ActiveCfg = Release|Win32
		{CF46FEEB-0CB7-4291-BFEC-1A3144965DB9}.Release (x64)|Win32.Build.0 = Release|Win32
		{CF46FEEB-0CB7-4291-BFEC-1A3144965DB9}.Release (x64)|x64.ActiveCfg = Release|x64
		{CF46FEEB-0CB7-4291-BFEC-1A3144965DB9}.Release (x64)|x86.ActiveCfg = Release|Win32
		{CF46FEEB-0CB7-4291-BFEC-1A3144965DB9}.Release (x64)|x86.Build.0 = Release|Win32
		{CF46FEEB-0CB7-4291-BFEC-1A3144965DB9}.Release|Any CPU.ActiveCfg = Release|Win32
		{CF46FEEB-0CB7-4291-BFEC-1A3144965DB9}.Release|Mixed Platforms.ActiveCfg = Release|Win32
		{CF46FEEB-0CB7-4291-BFEC-1A3144965DB9}.Release|Mixed Platforms.Build.0 = Release|Win32
		{CF46FEEB-0CB7-4291-BFEC-1A3144965DB9}.Release|Win32.ActiveCfg = Release|Win32
		{CF46FEEB-0CB7-4291-BFEC-1A3144965DB9}.Release|Win32.Build.0 = Release|Win32
		{CF46FEEB-0CB7-4291-BFEC-1A3144965DB9}.Release|x64.ActiveCfg = Release|x64
		{CF46FEEB-0CB7-4291-BFEC-1A3144965DB9}.Release|x64.Build.0 = Release|x64
		{CF46FEEB-0CB7-4291-BFEC-1A3144965DB9}.Release|x86.ActiveCfg = Release|Win32
		{CF46FEEB-0CB7-4291-BFEC-1A3144965DB9}.Release|x86.Build.0 = Release|Win32
		{A5935E00-6FCE-4F96-BE88-EAA6F2803C90}.Debug|Any CPU.ActiveCfg = Debug|Win32
		{A5935E00-6FCE-4F96-BE88-EAA6F2803C90}.Debug|Mixed Platforms.ActiveCfg = Debug|Win32
		{A5935E00-6FCE-4F96-BE88-EAA6F2803C90}.Debug|Mixed Platforms.Build.0 = Debug|Win32
		{A5935E00-6FCE-4F96-BE88-EAA6F2803C90}.Debug|Win32.ActiveCfg = Debug|Win32
		{A5935E00-6FCE-4F96-BE88-EAA6F2803C90}.Debug|Win32.Build.0 = Debug|Win32
		{A5935E00-6FCE-4F96-BE88-EAA6F2803C90}.Debug|x64.ActiveCfg = Debug|x64
		{A5935E00-6FCE-4F96-BE88-EAA6F2803C90}.Debug|x64.Build.0 = Debug|x64
		{A5935E00-6FCE-4F96-BE88-EAA6F2803C90}.Debug|x86.ActiveCfg = Debug|Win32
		{A5935E00-6FCE-4F96-BE88-EAA6F2803C90}.Debug|x86.Build.0 = Debug|Win32
		{A5935E00-6FCE-4F96-BE88-EAA6F2803C90}.Release (x64)|Any CPU.ActiveCfg = Release|Win32
		{A5935E00-6FCE-4F96-BE88-EAA6F2803C90}.Release (x64)|Mixed Platforms.ActiveCfg = Release|Win32
		{A5935E00-6FCE-4F96-BE88-EAA6F2803C90}.Release (x64)|Mixed Platforms.Build.0 = Release|Win32
		{A5935E00-6FCE-4F96-BE88-EAA6F2803C90}.Release (x64)|Win32.ActiveCfg = Release|Win32
		{A5935E00-6FCE-4F96-BE88-EAA6F2803C90}.Release (x64)|Win32.Build.0 = Release|Win32
		{A5935E00-6FCE-4F96-BE88-EAA6F2803C90}.Release (x64)|x64.ActiveCfg = Release|x64
		{A5935E00-6FCE-4F96-BE88-EAA6F2803C90}.Release (x64)|x86.ActiveCfg = Release|Win32
		{A5935E00-6FCE-4F96-BE88-EAA6F2803C90}.Release (x64)|x86.Build.0 = Release|Win32
		{A5935E00-6FCE-4F96-BE88-EAA6F2803C90}.Release|Any CPU.ActiveCfg = Release|Win32
		{A5935E00-6FCE-4F96-BE88-EAA6F2803C90}.Release|Mixed Platforms.ActiveCfg = Release|Win32
		{A5935E00-6FCE-4F96-BE88-EAA6F2803C90}.Release|Mixed Platforms.Build.0 = Release|Win32
		{A5935E00-6FCE-4F96-BE88-EAA6F2803C90}.Release|Win32.ActiveCfg = Release|Win32
		{A5935E00-6FCE-4F96-BE88-EAA6F2803C90}.Release|Win32.Build.0 = Release|Win32
		{A5935E00-6FCE-4F96-BE88-EAA6F2803C90}.Release|x64.ActiveCfg = Release|x64
		{A5935E00-6FCE-4F96-BE88-EAA6F2803C90}.Release|x64.Build.0 = Release|x64
		{A5935E00-6FCE-4F96-BE88-EAA6F2803C90}.Release|x86.ActiveCfg = Release|Win32
		{A5935E00-6FCE-4F96-BE88-EAA6F2803C90}.Release|x86.Build.0 = Release|Win32
		{4FBD3BE8-5CF9-482B-B95D-4E1CFFD2B9DE}.Debug|Any CPU.ActiveCfg = Debug|Win32
		{4FBD3BE8-5CF9-482B-B95D-4E1CFFD2B9DE}.Debug|Mixed Platforms.ActiveCfg = Debug|Win32
		{4FBD3BE8-5CF9-482B-B95D-4E1CFFD2B9DE}.Debug|Mixed Platforms.Build.0 = Debug|Win32
		{4FBD3BE8-5CF9-482B-B95D-4E1CFFD2B9DE}.Debug|Win32.ActiveCfg = Debug|Win32
		{4FBD3BE8-5CF9-482B-B95D-4E1CFFD2B9DE}.Debug|Win32.Build.0 = Debug|Win32
		{4FBD3BE8-5CF9-482B-B95D-4E1CFFD2B9DE}.Debug|x64.ActiveCfg = Debug|x64
		{4FBD3BE8-5CF9-482B-B95D-4E1CFFD2B9DE}.Debug|x64.Build.0 = Debug|x64
		{4FBD3BE8-5CF9-482B-B95D-4E1CFFD2B9DE}.Debug|x86.ActiveCfg = Debug|Win32
		{4FBD3BE8-5CF9-482B-B95D-4E1CFFD2B9DE}.Debug|x86.Build.0 = Debug|Win32
		{4FBD3BE8-5CF9-482B-B95D-4E1CFFD2B9DE}.Release (x64)|Any CPU.ActiveCfg = Release|Win32
		{4FBD3BE8-5CF9-482B-B95D-4E1CFFD2B9DE}.Release (x64)|Mixed Platforms.ActiveCfg = Release|Win32
		{4FBD3BE8-5CF9-482B-B95D-4E1CFFD2B9DE}.Release (x64)|Mixed Platforms.Build.0 = Release|Win32
		{4FBD3BE8-5CF9-482B-B95D-4E1CFFD2B9DE}.Release (x64)|Win32.ActiveCfg = Release|Win32
		{4FBD3BE8-5CF9-482B-B95D-4E1CFFD2B9DE}.Release (x64)|Win32.Build.0 = Release|Win32
		{4FBD3BE8-5CF9-482B-B95D-4E1CFFD2B9DE}.Release (x64)|x64.ActiveCfg = Release|x64
		{4FBD3BE8-5CF9-482B-B95D-4E1CFFD2B9DE}.Release (x64)|x86.ActiveCfg = Release|Win32
		{4FBD3BE8-5CF9-482B-B95D-4E1CFFD2B9DE}.Release (x64)|x86.Build.0 = Release|Win32
		{4FBD3BE8-5CF9-482B-B95D-4E1CFFD2B9DE}.Release|Any CPU.ActiveCfg = Release|Win32
		{4FBD3BE8-5CF9-482B-B95D-4E1CFFD2B9DE}.Release|Mixed Platforms.ActiveCfg = Release|Win32
		{4FBD3BE8-5CF9-482B-B95D-4E1CFFD2B9DE}.Release|Mixed Platforms.Build.0 = Release|Win32
		{4FBD3BE8-5CF9-482B-B95D-4E1CFFD2B9DE}.Release|Win32.ActiveCfg = Release|Win32
		{4FBD3BE8-5CF9-482B-B95D-4E1CFFD2B9DE}.Release|Win32.Build.0 = Release|Win32
		{4FBD3BE8-5CF9-482B-B95D-4E1CFFD2B9DE}.Release|x64.ActiveCfg = Release|x64
		{4FBD3BE8-5CF9-482B-B95D-4E1CFFD2B9DE}.Release|x64.Build.0 = Release|x64
		{4FBD3BE8-5CF9-482B-B95D-4E1CFFD2B9DE}.Release|x86.ActiveCfg = Release|Win32
		{4FBD3BE8-5CF9-482B-B95D-4E1CFFD2B9DE}.Release|x86.Build.0 = Release|Win32
		{833CC367-EC70-4C04-9CD3-53157CBEEBD2}.Debug|Any CPU.ActiveCfg = Debug|Any CPU
		{833CC367-EC70-4C04-9CD3-53157CBEEBD2}.Debug|Any CPU.Build.0 = Debug|Any CPU
		{833CC367-EC70-4C04-9CD3-53157CBEEBD2}.Debug|Mixed Platforms.ActiveCfg = Debug|Any CPU
		{833CC367-EC70-4C04-9CD3-53157CBEEBD2}.Debug|Mixed Platforms.Build.0 = Debug|Any CPU
		{833CC367-EC70-4C04-9CD3-53157CBEEBD2}.Debug|Win32.ActiveCfg = Debug|Any CPU
		{833CC367-EC70-4C04-9CD3-53157CBEEBD2}.Debug|x64.ActiveCfg = Debug|x64
		{833CC367-EC70-4C04-9CD3-53157CBEEBD2}.Debug|x64.Build.0 = Debug|x64
		{833CC367-EC70-4C04-9CD3-53157CBEEBD2}.Debug|x86.ActiveCfg = Debug|Any CPU
		{833CC367-EC70-4C04-9CD3-53157CBEEBD2}.Release (x64)|Any CPU.ActiveCfg = Release|Any CPU
		{833CC367-EC70-4C04-9CD3-53157CBEEBD2}.Release (x64)|Any CPU.Build.0 = Release|Any CPU
		{833CC367-EC70-4C04-9CD3-53157CBEEBD2}.Release (x64)|Mixed Platforms.ActiveCfg = Release|Any CPU
		{833CC367-EC70-4C04-9CD3-53157CBEEBD2}.Release (x64)|Mixed Platforms.Build.0 = Release|Any CPU
		{833CC367-EC70-4C04-9CD3-53157CBEEBD2}.Release (x64)|Win32.ActiveCfg = Release|Any CPU
		{833CC367-EC70-4C04-9CD3-53157CBEEBD2}.Release (x64)|x64.ActiveCfg = Release|x64
		{833CC367-EC70-4C04-9CD3-53157CBEEBD2}.Release (x64)|x86.ActiveCfg = Release|Any CPU
		{833CC367-EC70-4C04-9CD3-53157CBEEBD2}.Release|Any CPU.ActiveCfg = Release|Any CPU
		{833CC367-EC70-4C04-9CD3-53157CBEEBD2}.Release|Any CPU.Build.0 = Release|Any CPU
		{833CC367-EC70-4C04-9CD3-53157CBEEBD2}.Release|Mixed Platforms.ActiveCfg = Release|Any CPU
		{833CC367-EC70-4C04-9CD3-53157CBEEBD2}.Release|Mixed Platforms.Build.0 = Release|Any CPU
		{833CC367-EC70-4C04-9CD3-53157CBEEBD2}.Release|Win32.ActiveCfg = Release|Any CPU
		{833CC367-EC70-4C04-9CD3-53157CBEEBD2}.Release|x64.ActiveCfg = Release|x64
		{833CC367-EC70-4C04-9CD3-53157CBEEBD2}.Release|x64.Build.0 = Release|x64
		{833CC367-EC70-4C04-9CD3-53157CBEEBD2}.Release|x86.ActiveCfg = Release|Any CPU
		{591CC2E3-614F-41B5-A0C4-979644465A48}.Debug|Any CPU.ActiveCfg = Debug|Win32
		{591CC2E3-614F-41B5-A0C4-979644465A48}.Debug|Mixed Platforms.ActiveCfg = Debug|Win32
		{591CC2E3-614F-41B5-A0C4-979644465A48}.Debug|Mixed Platforms.Build.0 = Debug|Win32
		{591CC2E3-614F-41B5-A0C4-979644465A48}.Debug|Win32.ActiveCfg = Debug|Win32
		{591CC2E3-614F-41B5-A0C4-979644465A48}.Debug|Win32.Build.0 = Debug|Win32
		{591CC2E3-614F-41B5-A0C4-979644465A48}.Debug|x64.ActiveCfg = Debug|x64
		{591CC2E3-614F-41B5-A0C4-979644465A48}.Debug|x64.Build.0 = Debug|x64
		{591CC2E3-614F-41B5-A0C4-979644465A48}.Debug|x86.ActiveCfg = Debug|Win32
		{591CC2E3-614F-41B5-A0C4-979644465A48}.Debug|x86.Build.0 = Debug|Win32
		{591CC2E3-614F-41B5-A0C4-979644465A48}.Release (x64)|Any CPU.ActiveCfg = Release|Win32
		{591CC2E3-614F-41B5-A0C4-979644465A48}.Release (x64)|Mixed Platforms.ActiveCfg = Release|Win32
		{591CC2E3-614F-41B5-A0C4-979644465A48}.Release (x64)|Mixed Platforms.Build.0 = Release|Win32
		{591CC2E3-614F-41B5-A0C4-979644465A48}.Release (x64)|Win32.ActiveCfg = Release|Win32
		{591CC2E3-614F-41B5-A0C4-979644465A48}.Release (x64)|Win32.Build.0 = Release|Win32
		{591CC2E3-614F-41B5-A0C4-979644465A48}.Release (x64)|x64.ActiveCfg = Release|x64
		{591CC2E3-614F-41B5-A0C4-979644465A48}.Release (x64)|x86.ActiveCfg = Release|Win32
		{591CC2E3-614F-41B5-A0C4-979644465A48}.Release (x64)|x86.Build.0 = Release|Win32
		{591CC2E3-614F-41B5-A0C4-979644465A48}.Release|Any CPU.ActiveCfg = Release|Win32
		{591CC2E3-614F-41B5-A0C4-979644465A48}.Release|Mixed Platforms.ActiveCfg = Release|Win32
		{591CC2E3-614F-41B5-A0C4-979644465A48}.Release|Mixed Platforms.Build.0 = Release|Win32
		{591CC2E3-614F-41B5-A0C4-979644465A48}.Release|Win32.ActiveCfg = Release|Win32
		{591CC2E3-614F-41B5-A0C4-979644465A48}.Release|Win32.Build.0 = Release|Win32
		{591CC2E3-614F-41B5-A0C4-979644465A48}.Release|x64.ActiveCfg = Release|x64
		{591CC2E3-614F-41B5-A0C4-979644465A48}.Release|x64.Build.0 = Release|x64
		{591CC2E3-614F-41B5-A0C4-979644465A48}.Release|x86.ActiveCfg = Release|Win32
		{591CC2E3-614F-41B5-A0C4-979644465A48}.Release|x86.Build.0 = Release|Win32
		{663E9E41-D328-4A5E-A55D-88669B34CF6E}.Debug|Any CPU.ActiveCfg = Debug|Any CPU
		{663E9E41-D328-4A5E-A55D-88669B34CF6E}.Debug|Any CPU.Build.0 = Debug|Any CPU
		{663E9E41-D328-4A5E-A55D-88669B34CF6E}.Debug|Mixed Platforms.ActiveCfg = Debug|Any CPU
		{663E9E41-D328-4A5E-A55D-88669B34CF6E}.Debug|Mixed Platforms.Build.0 = Debug|Any CPU
		{663E9E41-D328-4A5E-A55D-88669B34CF6E}.Debug|Win32.ActiveCfg = Debug|Any CPU
		{663E9E41-D328-4A5E-A55D-88669B34CF6E}.Debug|x64.ActiveCfg = Debug|x64
		{663E9E41-D328-4A5E-A55D-88669B34CF6E}.Debug|x64.Build.0 = Debug|x64
		{663E9E41-D328-4A5E-A55D-88669B34CF6E}.Debug|x86.ActiveCfg = Debug|Any CPU
		{663E9E41-D328-4A5E-A55D-88669B34CF6E}.Release (x64)|Any CPU.ActiveCfg = Release|Any CPU
		{663E9E41-D328-4A5E-A55D-88669B34CF6E}.Release (x64)|Any CPU.Build.0 = Release|Any CPU
		{663E9E41-D328-4A5E-A55D-88669B34CF6E}.Release (x64)|Mixed Platforms.ActiveCfg = Release|Any CPU
		{663E9E41-D328-4A5E-A55D-88669B34CF6E}.Release (x64)|Mixed Platforms.Build.0 = Release|Any CPU
		{663E9E41-D328-4A5E-A55D-88669B34CF6E}.Release (x64)|Win32.ActiveCfg = Release|Any CPU
		{663E9E41-D328-4A5E-A55D-88669B34CF6E}.Release (x64)|x64.ActiveCfg = Release|x64
		{663E9E41-D328-4A5E-A55D-88669B34CF6E}.Release (x64)|x86.ActiveCfg = Release|Any CPU
		{663E9E41-D328-4A5E-A55D-88669B34CF6E}.Release|Any CPU.ActiveCfg = Release|Any CPU
		{663E9E41-D328-4A5E-A55D-88669B34CF6E}.Release|Any CPU.Build.0 = Release|Any CPU
		{663E9E41-D328-4A5E-A55D-88669B34CF6E}.Release|Mixed Platforms.ActiveCfg = Release|Any CPU
		{663E9E41-D328-4A5E-A55D-88669B34CF6E}.Release|Mixed Platforms.Build.0 = Release|Any CPU
		{663E9E41-D328-4A5E-A55D-88669B34CF6E}.Release|Win32.ActiveCfg = Release|Any CPU
		{663E9E41-D328-4A5E-A55D-88669B34CF6E}.Release|x64.ActiveCfg = Release|x64
		{663E9E41-D328-4A5E-A55D-88669B34CF6E}.Release|x64.Build.0 = Release|x64
		{663E9E41-D328-4A5E-A55D-88669B34CF6E}.Release|x86.ActiveCfg = Release|Any CPU
		{8D378DEC-E15F-4973-8603-41661FEC55E9}.Debug|Any CPU.ActiveCfg = Debug|Win32
		{8D378DEC-E15F-4973-8603-41661FEC55E9}.Debug|Mixed Platforms.ActiveCfg = Debug|Win32
		{8D378DEC-E15F-4973-8603-41661FEC55E9}.Debug|Mixed Platforms.Build.0 = Debug|Win32
		{8D378DEC-E15F-4973-8603-41661FEC55E9}.Debug|Win32.ActiveCfg = Debug|Win32
		{8D378DEC-E15F-4973-8603-41661FEC55E9}.Debug|Win32.Build.0 = Debug|Win32
		{8D378DEC-E15F-4973-8603-41661FEC55E9}.Debug|x64.ActiveCfg = Debug|x64
		{8D378DEC-E15F-4973-8603-41661FEC55E9}.Debug|x64.Build.0 = Debug|x64
		{8D378DEC-E15F-4973-8603-41661FEC55E9}.Debug|x86.ActiveCfg = Debug|Win32
		{8D378DEC-E15F-4973-8603-41661FEC55E9}.Debug|x86.Build.0 = Debug|Win32
		{8D378DEC-E15F-4973-8603-41661FEC55E9}.Release (x64)|Any CPU.ActiveCfg = Release|Win32
		{8D378DEC-E15F-4973-8603-41661FEC55E9}.Release (x64)|Mixed Platforms.ActiveCfg = Release|Win32
		{8D378DEC-E15F-4973-8603-41661FEC55E9}.Release (x64)|Mixed Platforms.Build.0 = Release|Win32
		{8D378DEC-E15F-4973-8603-41661FEC55E9}.Release (x64)|Win32.ActiveCfg = Release|Win32
		{8D378DEC-E15F-4973-8603-41661FEC55E9}.Release (x64)|Win32.Build.0 = Release|Win32
		{8D378DEC-E15F-4973-8603-41661FEC55E9}.Release (x64)|x64.ActiveCfg = Release|x64
		{8D378DEC-E15F-4973-8603-41661FEC55E9}.Release (x64)|x64.Build.0 = Release|x64
		{8D378DEC-E15F-4973-8603-41661FEC55E9}.Release (x64)|x86.ActiveCfg = Release|Win32
		{8D378DEC-E15F-4973-8603-41661FEC55E9}.Release (x64)|x86.Build.0 = Release|Win32
		{8D378DEC-E15F-4973-8603-41661FEC55E9}.Release|Any CPU.ActiveCfg = Release|Win32
		{8D378DEC-E15F-4973-8603-41661FEC55E9}.Release|Mixed Platforms.ActiveCfg = Release|Win32
		{8D378DEC-E15F-4973-8603-41661FEC55E9}.Release|Mixed Platforms.Build.0 = Release|Win32
		{8D378DEC-E15F-4973-8603-41661FEC55E9}.Release|Win32.ActiveCfg = Release|Win32
		{8D378DEC-E15F-4973-8603-41661FEC55E9}.Release|Win32.Build.0 = Release|Win32
		{8D378DEC-E15F-4973-8603-41661FEC55E9}.Release|x64.ActiveCfg = Release|x64
		{8D378DEC-E15F-4973-8603-41661FEC55E9}.Release|x64.Build.0 = Release|x64
		{8D378DEC-E15F-4973-8603-41661FEC55E9}.Release|x86.ActiveCfg = Release|Win32
		{8D378DEC-E15F-4973-8603-41661FEC55E9}.Release|x86.Build.0 = Release|Win32
		{D236D114-9A35-420C-9875-BD6C252A4CDD}.Debug|Any CPU.ActiveCfg = Debug|Win32
		{D236D114-9A35-420C-9875-BD6C252A4CDD}.Debug|Mixed Platforms.ActiveCfg = Debug|Win32
		{D236D114-9A35-420C-9875-BD6C252A4CDD}.Debug|Mixed Platforms.Build.0 = Debug|Win32
		{D236D114-9A35-420C-9875-BD6C252A4CDD}.Debug|Win32.ActiveCfg = Debug|Win32
		{D236D114-9A35-420C-9875-BD6C252A4CDD}.Debug|Win32.Build.0 = Debug|Win32
		{D236D114-9A35-420C-9875-BD6C252A4CDD}.Debug|x64.ActiveCfg = Debug|x64
		{D236D114-9A35-420C-9875-BD6C252A4CDD}.Debug|x64.Build.0 = Debug|x64
		{D236D114-9A35-420C-9875-BD6C252A4CDD}.Debug|x86.ActiveCfg = Debug|Win32
		{D236D114-9A35-420C-9875-BD6C252A4CDD}.Debug|x86.Build.0 = Debug|Win32
		{D236D114-9A35-420C-9875-BD6C252A4CDD}.Release (x64)|Any CPU.ActiveCfg = Release (x64)|Win32
		{D236D114-9A35-420C-9875-BD6C252A4CDD}.Release (x64)|Mixed Platforms.ActiveCfg = Release (x64)|Win32
		{D236D114-9A35-420C-9875-BD6C252A4CDD}.Release (x64)|Mixed Platforms.Build.0 = Release (x64)|Win32
		{D236D114-9A35-420C-9875-BD6C252A4CDD}.Release (x64)|Win32.ActiveCfg = Release (x64)|Win32
		{D236D114-9A35-420C-9875-BD6C252A4CDD}.Release (x64)|Win32.Build.0 = Release (x64)|Win32
		{D236D114-9A35-420C-9875-BD6C252A4CDD}.Release (x64)|x64.ActiveCfg = Release (x64)|x64
		{D236D114-9A35-420C-9875-BD6C252A4CDD}.Release (x64)|x86.ActiveCfg = Release (x64)|Win32
		{D236D114-9A35-420C-9875-BD6C252A4CDD}.Release (x64)|x86.Build.0 = Release (x64)|Win32
		{D236D114-9A35-420C-9875-BD6C252A4CDD}.Release|Any CPU.ActiveCfg = Release|Win32
		{D236D114-9A35-420C-9875-BD6C252A4CDD}.Release|Mixed Platforms.ActiveCfg = Release|Win32
		{D236D114-9A35-420C-9875-BD6C252A4CDD}.Release|Mixed Platforms.Build.0 = Release|Win32
		{D236D114-9A35-420C-9875-BD6C252A4CDD}.Release|Win32.ActiveCfg = Release|Win32
		{D236D114-9A35-420C-9875-BD6C252A4CDD}.Release|Win32.Build.0 = Release|Win32
		{D236D114-9A35-420C-9875-BD6C252A4CDD}.Release|x64.ActiveCfg = Release|x64
		{D236D114-9A35-420C-9875-BD6C252A4CDD}.Release|x64.Build.0 = Release|x64
		{D236D114-9A35-420C-9875-BD6C252A4CDD}.Release|x86.ActiveCfg = Release|Win32
		{D236D114-9A35-420C-9875-BD6C252A4CDD}.Release|x86.Build.0 = Release|Win32
		{A9387033-BFE1-4277-A0E1-D9BB5D723D72}.Debug|Any CPU.ActiveCfg = Debug|Win32
		{A9387033-BFE1-4277-A0E1-D9BB5D723D72}.Debug|Mixed Platforms.ActiveCfg = Debug|Win32
		{A9387033-BFE1-4277-A0E1-D9BB5D723D72}.Debug|Mixed Platforms.Build.0 = Debug|Win32
		{A9387033-BFE1-4277-A0E1-D9BB5D723D72}.Debug|Win32.ActiveCfg = Debug|Win32
		{A9387033-BFE1-4277-A0E1-D9BB5D723D72}.Debug|Win32.Build.0 = Debug|Win32
		{A9387033-BFE1-4277-A0E1-D9BB5D723D72}.Debug|x64.ActiveCfg = Debug|x64
		{A9387033-BFE1-4277-A0E1-D9BB5D723D72}.Debug|x64.Build.0 = Debug|x64
		{A9387033-BFE1-4277-A0E1-D9BB5D723D72}.Debug|x86.ActiveCfg = Debug|Win32
		{A9387033-BFE1-4277-A0E1-D9BB5D723D72}.Debug|x86.Build.0 = Debug|Win32
		{A9387033-BFE1-4277-A0E1-D9BB5D723D72}.Release (x64)|Any CPU.ActiveCfg = Release (x64)|Win32
		{A9387033-BFE1-4277-A0E1-D9BB5D723D72}.Release (x64)|Mixed Platforms.ActiveCfg = Release (x64)|Win32
		{A9387033-BFE1-4277-A0E1-D9BB5D723D72}.Release (x64)|Mixed Platforms.Build.0 = Release (x64)|Win32
		{A9387033-BFE1-4277-A0E1-D9BB5D723D72}.Release (x64)|Win32.ActiveCfg = Release (x64)|Win32
		{A9387033-BFE1-4277-A0E1-D9BB5D723D72}.Release (x64)|Win32.Build.0 = Release (x64)|Win32
		{A9387033-BFE1-4277-A0E1-D9BB5D723D72}.Release (x64)|x64.ActiveCfg = Release (x64)|x64
		{A9387033-BFE1-4277-A0E1-D9BB5D723D72}.Release (x64)|x86.ActiveCfg = Release (x64)|Win32
		{A9387033-BFE1-4277-A0E1-D9BB5D723D72}.Release (x64)|x86.Build.0 = Release (x64)|Win32
		{A9387033-BFE1-4277-A0E1-D9BB5D723D72}.Release|Any CPU.ActiveCfg = Release|Win32
		{A9387033-BFE1-4277-A0E1-D9BB5D723D72}.Release|Mixed Platforms.ActiveCfg = Release|Win32
		{A9387033-BFE1-4277-A0E1-D9BB5D723D72}.Release|Mixed Platforms.Build.0 = Release|Win32
		{A9387033-BFE1-4277-A0E1-D9BB5D723D72}.Release|Win32.ActiveCfg = Release|Win32
		{A9387033-BFE1-4277-A0E1-D9BB5D723D72}.Release|Win32.Build.0 = Release|Win32
		{A9387033-BFE1-4277-A0E1-D9BB5D723D72}.Release|x64.ActiveCfg = Release|x64
		{A9387033-BFE1-4277-A0E1-D9BB5D723D72}.Release|x64.Build.0 = Release|x64
		{A9387033-BFE1-4277-A0E1-D9BB5D723D72}.Release|x86.ActiveCfg = Release|Win32
		{A9387033-BFE1-4277-A0E1-D9BB5D723D72}.Release|x86.Build.0 = Release|Win32
		{C156551F-BD13-4409-AE4A-04779D257AD9}.Debug|Any CPU.ActiveCfg = Debug|Win32
		{C156551F-BD13-4409-AE4A-04779D257AD9}.Debug|Mixed Platforms.ActiveCfg = Debug|Win32
		{C156551F-BD13-4409-AE4A-04779D257AD9}.Debug|Mixed Platforms.Build.0 = Debug|Win32
		{C156551F-BD13-4409-AE4A-04779D257AD9}.Debug|Win32.ActiveCfg = Debug|Win32
		{C156551F-BD13-4409-AE4A-04779D257AD9}.Debug|Win32.Build.0 = Debug|Win32
		{C156551F-BD13-4409-AE4A-04779D257AD9}.Debug|x64.ActiveCfg = Debug|x64
		{C156551F-BD13-4409-AE4A-04779D257AD9}.Debug|x64.Build.0 = Debug|x64
		{C156551F-BD13-4409-AE4A-04779D257AD9}.Debug|x86.ActiveCfg = Debug|Win32
		{C156551F-BD13-4409-AE4A-04779D257AD9}.Debug|x86.Build.0 = Debug|Win32
		{C156551F-BD13-4409-AE4A-04779D257AD9}.Release (x64)|Any CPU.ActiveCfg = Release|Win32
		{C156551F-BD13-4409-AE4A-04779D257AD9}.Release (x64)|Mixed Platforms.ActiveCfg = Release|Win32
		{C156551F-BD13-4409-AE4A-04779D257AD9}.Release (x64)|Mixed Platforms.Build.0 = Release|Win32
		{C156551F-BD13-4409-AE4A-04779D257AD9}.Release (x64)|Win32.ActiveCfg = Release|Win32
		{C156551F-BD13-4409-AE4A-04779D257AD9}.Release (x64)|Win32.Build.0 = Release|Win32
		{C156551F-BD13-4409-AE4A-04779D257AD9}.Release (x64)|x64.ActiveCfg = Release|x64
		{C156551F-BD13-4409-AE4A-04779D257AD9}.Release (x64)|x86.ActiveCfg = Release|Win32
		{C156551F-BD13-4409-AE4A-04779D257AD9}.Release (x64)|x86.Build.0 = Release|Win32
		{C156551F-BD13-4409-AE4A-04779D257AD9}.Release|Any CPU.ActiveCfg = Release|Win32
		{C156551F-BD13-4409-AE4A-04779D257AD9}.Release|Mixed Platforms.ActiveCfg = Release|Win32
		{C156551F-BD13-4409-AE4A-04779D257AD9}.Release|Mixed Platforms.Build.0 = Release|Win32
		{C156551F-BD13-4409-AE4A-04779D257AD9}.Release|Win32.ActiveCfg = Release|Win32
		{C156551F-BD13-4409-AE4A-04779D257AD9}.Release|Win32.Build.0 = Release|Win32
		{C156551F-BD13-4409-AE4A-04779D257AD9}.Release|x64.ActiveCfg = Release|x64
		{C156551F-BD13-4409-AE4A-04779D257AD9}.Release|x64.Build.0 = Release|x64
		{C156551F-BD13-4409-AE4A-04779D257AD9}.Release|x86.ActiveCfg = Release|Win32
		{C156551F-BD13-4409-AE4A-04779D257AD9}.Release|x86.Build.0 = Release|Win32
		{64E506FE-C87C-4728-A8F1-6306BD3C7557}.Debug|Any CPU.ActiveCfg = Debug|x86
		{64E506FE-C87C-4728-A8F1-6306BD3C7557}.Debug|Mixed Platforms.ActiveCfg = Debug|x86
		{64E506FE-C87C-4728-A8F1-6306BD3C7557}.Debug|Mixed Platforms.Build.0 = Debug|x86
		{64E506FE-C87C-4728-A8F1-6306BD3C7557}.Debug|Win32.ActiveCfg = Debug|x86
		{64E506FE-C87C-4728-A8F1-6306BD3C7557}.Debug|Win32.Build.0 = Debug|x86
		{64E506FE-C87C-4728-A8F1-6306BD3C7557}.Debug|x64.ActiveCfg = Debug|x64
		{64E506FE-C87C-4728-A8F1-6306BD3C7557}.Debug|x64.Build.0 = Debug|x64
		{64E506FE-C87C-4728-A8F1-6306BD3C7557}.Debug|x86.ActiveCfg = Debug|x86
		{64E506FE-C87C-4728-A8F1-6306BD3C7557}.Debug|x86.Build.0 = Debug|x86
		{64E506FE-C87C-4728-A8F1-6306BD3C7557}.Release (x64)|Any CPU.ActiveCfg = Release|x86
		{64E506FE-C87C-4728-A8F1-6306BD3C7557}.Release (x64)|Mixed Platforms.ActiveCfg = Release|x86
		{64E506FE-C87C-4728-A8F1-6306BD3C7557}.Release (x64)|Mixed Platforms.Build.0 = Release|x86
		{64E506FE-C87C-4728-A8F1-6306BD3C7557}.Release (x64)|Win32.ActiveCfg = Release|x86
		{64E506FE-C87C-4728-A8F1-6306BD3C7557}.Release (x64)|Win32.Build.0 = Release|x86
		{64E506FE-C87C-4728-A8F1-6306BD3C7557}.Release (x64)|x64.ActiveCfg = Release|x64
		{64E506FE-C87C-4728-A8F1-6306BD3C7557}.Release (x64)|x86.ActiveCfg = Release|x86
		{64E506FE-C87C-4728-A8F1-6306BD3C7557}.Release (x64)|x86.Build.0 = Release|x86
		{64E506FE-C87C-4728-A8F1-6306BD3C7557}.Release|Any CPU.ActiveCfg = Release|x86
		{64E506FE-C87C-4728-A8F1-6306BD3C7557}.Release|Mixed Platforms.ActiveCfg = Release|x86
		{64E506FE-C87C-4728-A8F1-6306BD3C7557}.Release|Mixed Platforms.Build.0 = Release|x86
		{64E506FE-C87C-4728-A8F1-6306BD3C7557}.Release|Win32.ActiveCfg = Release|x86
		{64E506FE-C87C-4728-A8F1-6306BD3C7557}.Release|Win32.Build.0 = Release|x86
		{64E506FE-C87C-4728-A8F1-6306BD3C7557}.Release|x64.ActiveCfg = Release|x64
		{64E506FE-C87C-4728-A8F1-6306BD3C7557}.Release|x64.Build.0 = Release|x64
		{64E506FE-C87C-4728-A8F1-6306BD3C7557}.Release|x86.ActiveCfg = Release|x86
		{64E506FE-C87C-4728-A8F1-6306BD3C7557}.Release|x86.Build.0 = Release|x86
	EndGlobalSection
	GlobalSection(SolutionProperties) = preSolution
		HideSolutionNode = FALSE
	EndGlobalSection
	GlobalSection(NestedProjects) = preSolution
		{83B33AB6-544E-49B8-B6B0-A16FF14F6CD4} = {98460BE7-533F-4AD8-B8A9-2D086C5693F1}
		{C9976F9B-D1B6-4F59-8574-9B35305D9375} = {98460BE7-533F-4AD8-B8A9-2D086C5693F1}
		{CF46FEEB-0CB7-4291-BFEC-1A3144965DB9} = {98460BE7-533F-4AD8-B8A9-2D086C5693F1}
		{A5935E00-6FCE-4F96-BE88-EAA6F2803C90} = {98460BE7-533F-4AD8-B8A9-2D086C5693F1}
		{0D652C85-8374-4C96-AC16-FE66029F4EFF} = {8967877F-7765-4DC6-B807-BC66E41BE88D}
		{F81F58AE-4EDA-406C-8F3A-646885EB0D20} = {8967877F-7765-4DC6-B807-BC66E41BE88D}
		{D236D114-9A35-420C-9875-BD6C252A4CDD} = {0D652C85-8374-4C96-AC16-FE66029F4EFF}
		{A9387033-BFE1-4277-A0E1-D9BB5D723D72} = {0D652C85-8374-4C96-AC16-FE66029F4EFF}
		{C156551F-BD13-4409-AE4A-04779D257AD9} = {0D652C85-8374-4C96-AC16-FE66029F4EFF}
		{64E506FE-C87C-4728-A8F1-6306BD3C7557} = {0D652C85-8374-4C96-AC16-FE66029F4EFF}
		{17BDB891-E88D-4851-8D78-3D35009FDC58} = {F81F58AE-4EDA-406C-8F3A-646885EB0D20}
		{591CC2E3-614F-41B5-A0C4-979644465A48} = {F81F58AE-4EDA-406C-8F3A-646885EB0D20}
		{663E9E41-D328-4A5E-A55D-88669B34CF6E} = {F81F58AE-4EDA-406C-8F3A-646885EB0D20}
		{8D378DEC-E15F-4973-8603-41661FEC55E9} = {F81F58AE-4EDA-406C-8F3A-646885EB0D20}
		{D14EE756-4DBA-406C-BAE5-B3E0DC20D541} = {F81F58AE-4EDA-406C-8F3A-646885EB0D20}
		{833CC367-EC70-4C04-9CD3-53157CBEEBD2} = {17BDB891-E88D-4851-8D78-3D35009FDC58}
		{4FBD3BE8-5CF9-482B-B95D-4E1CFFD2B9DE} = {17BDB891-E88D-4851-8D78-3D35009FDC58}
	EndGlobalSection
EndGlobal
